
Microsoft Visual Studio Solution File, Format Version 12.00
# Visual Studio Version 17
VisualStudioVersion = 17.6.33815.320
MinimumVisualStudioVersion = 10.0.40219.1
Project("{FAE04EC0-301F-11D3-BF4B-00C04F79EFBC}") = "ProcessTaskManager", "ProcessTaskManager\ProcessTaskManager.csproj", "{8C9871FC-BF24-4300-A9A4-BFBC154568F8}"
EndProject
Global
	GlobalSection(SolutionConfigurationPlatforms) = preSolution
		Debug|Any CPU = Debug|Any CPU
		Release|Any CPU = Release|Any CPU
	EndGlobalSection
	GlobalSection(ProjectConfigurationPlatforms) = postSolution
		{8C9871FC-BF24-4300-A9A4-BFBC154568F8}.Debug|Any CPU.ActiveCfg = Debug|Any CPU
		{8C9871FC-BF24-4300-A9A4-BFBC154568F8}.Debug|Any CPU.Build.0 = Debug|Any CPU
		{8C9871FC-BF24-4300-A9A4-BFBC154568F8}.Release|Any CPU.ActiveCfg = Release|Any CPU
		{8C9871FC-BF24-4300-A9A4-BFBC154568F8}.Release|Any CPU.Build.0 = Release|Any CPU
	EndGlobalSection
	GlobalSection(SolutionProperties) = preSolution
		HideSolutionNode = FALSE
	EndGlobalSection
	GlobalSection(ExtensibilityGlobals) = postSolution
		SolutionGuid = {DB8796E9-5AD3-4EE9-BEB8-807AC006E290}
	EndGlobalSection
EndGlobal
